// !$*UTF8*$!
{
	archiveVersion = 1;
	classes = {
	};
	objectVersion = 46;
	objects = {

/* Begin PBXBuildFile section */
		F75DFAD21F4C92CE00C54EDF /* AppDelegate.swift in Sources */ = {isa = PBXBuildFile; fileRef = F75DFAD11F4C92CE00C54EDF /* AppDelegate.swift */; };
		F75DFAD41F4C92CE00C54EDF /* ViewController.swift in Sources */ = {isa = PBXBuildFile; fileRef = F75DFAD31F4C92CE00C54EDF /* ViewController.swift */; };
		F75DFAD71F4C92CE00C54EDF /* Main.storyboard in Resources */ = {isa = PBXBuildFile; fileRef = F75DFAD51F4C92CE00C54EDF /* Main.storyboard */; };
		F75DFAD91F4C92CE00C54EDF /* Assets.xcassets in Resources */ = {isa = PBXBuildFile; fileRef = F75DFAD81F4C92CE00C54EDF /* Assets.xcassets */; };
		F75DFADC1F4C92CE00C54EDF /* LaunchScreen.storyboard in Resources */ = {isa = PBXBuildFile; fileRef = F75DFADA1F4C92CE00C54EDF /* LaunchScreen.storyboard */; };
/* End PBXBuildFile section */

/* Begin PBXFileReference section */
		F75DFACE1F4C92CE00C54EDF /* bullseyes.app */ = {isa = PBXFileReference; explicitFileType = wrapper.application; includeInIndex = 0; path = bullseyes.app; sourceTree = BUILT_PRODUCTS_DIR; };
		F75DFAD11F4C92CE00C54EDF /* AppDelegate.swift */ = {isa = PBXFileReference; lastKnownFileType = sourcecode.swift; path = AppDelegate.swift; sourceTree = "<group>"; };
		F75DFAD31F4C92CE00C54EDF /* ViewController.swift */ = {isa = PBXFileReference; lastKnownFileType = sourcecode.swift; path = ViewController.swift; sourceTree = "<group>"; };
		F75DFAD61F4C92CE00C54EDF /* Base */ = {isa = PBXFileReference; lastKnownFileType = file.storyboard; name = Base; path = Base.lproj/Main.storyboard; sourceTree = "<group>"; };
		F75DFAD81F4C92CE00C54EDF /* Assets.xcassets */ = {isa = PBXFileReference; lastKnownFileType = folder.assetcatalog; path = Assets.xcassets; sourceTree = "<group>"; };
		F75DFADB1F4C92CE00C54EDF /* Base */ = {isa = PBXFileReference; lastKnownFileType = file.storyboard; name = Base; path = Base.lproj/LaunchScreen.storyboard; sourceTree = "<group>"; };
		F75DFADD1F4C92CE00C54EDF /* Info.plist */ = {isa = PBXFileReference; lastKnownFileType = text.plist.xml; path = Info.plist; sourceTree = "<group>"; };
/* End PBXFileReference section */

/* Begin PBXFrameworksBuildPhase section */
		F75DFACB1F4C92CE00C54EDF /* Frameworks */ = {
			isa = PBXFrameworksBuildPhase;
			buildActionMask = 2147483647;
			files = (
			);
			runOnlyForDeploymentPostprocessing = 0;
		};
/* End PBXFrameworksBuildPhase section */

/* Begin PBXGroup section */
		F75DFAC51F4C92CE00C54EDF = {
			isa = PBXGroup;
			children = (
				F75DFAD01F4C92CE00C54EDF /* bullseyes */,
				F75DFACF1F4C92CE00C54EDF /* Products */,
			);
			sourceTree = "<group>";
		};
		F75DFACF1F4C92CE00C54EDF /* Products */ = {
			isa = PBXGroup;
			children = (
				F75DFACE1F4C92CE00C54EDF /* bullseyes.app */,
			);
			name = Products;
			sourceTree = "<group>";
		};
		F75DFAD01F4C92CE00C54EDF /* bullseyes */ = {
			isa = PBXGroup;
			children = (
				F75DFAD11F4C92CE00C54EDF /* AppDelegate.swift */,
				F75DFAD31F4C92CE00C54EDF /* ViewController.swift */,
				F75DFAD51F4C92CE00C54EDF /* Main.storyboard */,
				F75DFAD81F4C92CE00C54EDF /* Assets.xcassets */,
				F75DFADA1F4C92CE00C54EDF /* LaunchScreen.storyboard */,
				F75DFADD1F4C92CE00C54EDF /* Info.plist */,
			);
			path = bullseyes;
			sourceTree = "<group>";
		};
/* End PBXGroup section */

/* Begin PBXNativeTarget section */
		F75DFACD1F4C92CE00C54EDF /* bullseyes */ = {
			isa = PBXNativeTarget;
			buildConfigurationList = F75DFAE01F4C92CE00C54EDF /* Build configuration list for PBXNativeTarget "bullseyes" */;
			buildPhases = (
				F75DFACA1F4C92CE00C54EDF /* Sources */,
				F75DFACB1F4C92CE00C54EDF /* Frameworks */,
				F75DFACC1F4C92CE00C54EDF /* Resources */,
			);
			buildRules = (
			);
			dependencies = (
			);
			name = bullseyes;
			productName = bullseyes;
			productReference = F75DFACE1F4C92CE00C54EDF /* bullseyes.app */;
			productType = "com.apple.product-type.application";
		};
/* End PBXNativeTarget section */

/* Begin PBXProject section */
		F75DFAC61F4C92CE00C54EDF /* Project object */ = {
			isa = PBXProject;
			attributes = {
				LastSwiftUpdateCheck = 0830;
				LastUpgradeCheck = 0830;
				ORGANIZATIONNAME = "Павел Гордеев";
				TargetAttributes = {
					F75DFACD1F4C92CE00C54EDF = {
						CreatedOnToolsVersion = 8.3.3;
						DevelopmentTeam = D9338S444A;
						ProvisioningStyle = Automatic;
					};
				};
			};
			buildConfigurationList = F75DFAC91F4C92CE00C54EDF /* Build configuration list for PBXProject "bullseyes" */;
			compatibilityVersion = "Xcode 3.2";
			developmentRegion = English;
			hasScannedForEncodings = 0;
			knownRegions = (
				en,
				Base,
			);
			mainGroup = F75DFAC51F4C92CE00C54EDF;
			productRefGroup = F75DFACF1F4C92CE00C54EDF /* Products */;
			projectDirPath = "";
			projectRoot = "";
			targets = (
				F75DFACD1F4C92CE00C54EDF /* bullseyes */,
			);
		};
/* End PBXProject section */

/* Begin PBXResourcesBuildPhase section */
		F75DFACC1F4C92CE00C54EDF /* Resources */ = {
			isa = PBXResourcesBuildPhase;
			buildActionMask = 2147483647;
			files = (
				F75DFADC1F4C92CE00C54EDF /* LaunchScreen.storyboard in Resources */,
				F75DFAD91F4C92CE00C54EDF /* Assets.xcassets in Resources */,
				F75DFAD71F4C92CE00C54EDF /* Main.storyboard in Resources */,
			);
			runOnlyForDeploymentPostprocessing = 0;
		};
/* End PBXResourcesBuildPhase section */

/* Begin PBXSourcesBuildPhase section */
		F75DFACA1F4C92CE00C54EDF /* Sources */ = {
			isa = PBXSourcesBuildPhase;
			buildActionMask = 2147483647;
			files = (
				F75DFAD41F4C92CE00C54EDF /* ViewController.swift in Sources */,
				F75DFAD21F4C92CE00C54EDF /* AppDelegate.swift in Sources */,
			);
			runOnlyForDeploymentPostprocessing = 0;
		};
/* End PBXSourcesBuildPhase section */

/* Begin PBXVariantGroup section */
		F75DFAD51F4C92CE00C54EDF /* Main.storyboard */ = {
			isa = PBXVariantGroup;
			children = (
				F75DFAD61F4C92CE00C54EDF /* Base */,
			);
			name = Main.storyboard;
			sourceTree = "<group>";
		};
		F75DFADA1F4C92CE00C54EDF /* LaunchScreen.storyboard */ = {
			isa = PBXVariantGroup;
			children = (
				F75DFADB1F4C92CE00C54EDF /* Base */,
			);
			name = LaunchScreen.storyboard;
			sourceTree = "<group>";
		};
/* End PBXVariantGroup section */

/* Begin XCBuildConfiguration section */
		F75DFADE1F4C92CE00C54EDF /* Debug */ = {
			isa = XCBuildConfiguration;
			buildSettings = {
				ALWAYS_SEARCH_USER_PATHS = NO;
				CLANG_ANALYZER_NONNULL = YES;
				CLANG_ANALYZER_NUMBER_OBJECT_CONVERSION = YES_AGGRESSIVE;
				CLANG_CXX_LANGUAGE_STANDARD = "gnu++0x";
				CLANG_CXX_LIBRARY = "libc++";
				CLANG_ENABLE_MODULES = YES;
				CLANG_ENABLE_OBJC_ARC = YES;
				CLANG_WARN_BOOL_CONVERSION = YES;
				CLANG_WARN_CONSTANT_CONVERSION = YES;
				CLANG_WARN_DIRECT_OBJC_ISA_USAGE = YES_ERROR;
				CLANG_WARN_DOCUMENTATION_COMMENTS = YES;
				CLANG_WARN_EMPTY_BODY = YES;
				CLANG_WARN_ENUM_CONVERSION = YES;
				CLANG_WARN_INFINITE_RECURSION = YES;
				CLANG_WARN_INT_CONVERSION = YES;
				CLANG_WARN_OBJC_ROOT_CLASS = YES_ERROR;
				CLANG_WARN_SUSPICIOUS_MOVE = YES;
				CLANG_WARN_UNREACHABLE_CODE = YES;
				CLANG_WARN__DUPLICATE_METHOD_MATCH = YES;
				"CODE_SIGN_IDENTITY[sdk=iphoneos*]" = "iPhone Developer";
				COPY_PHASE_STRIP = NO;
				DEBUG_INFORMATION_FORMAT = dwarf;
				ENABLE_STRICT_OBJC_MSGSEND = YES;
				ENABLE_TESTABILITY = YES;
				GCC_C_LANGUAGE_STANDARD = gnu99;
				GCC_DYNAMIC_NO_PIC = NO;
				GCC_NO_COMMON_BLOCKS = YES;
				GCC_OPTIMIZATION_LEVEL = 0;
				GCC_PREPROCESSOR_DEFINITIONS = (
					"DEBUG=1",
					"$(inherited)",
				);
				GCC_WARN_64_TO_32_BIT_CONVERSION = YES;
				GCC_WARN_ABOUT_RETURN_TYPE = YES_ERROR;
				GCC_WARN_UNDECLARED_SELECTOR = YES;
				GCC_WARN_UNINITIALIZED_AUTOS = YES_AGGRESSIVE;
				GCC_WARN_UNUSED_FUNCTION = YES;
				GCC_WARN_UNUSED_VARIABLE = YES;
				IPHONEOS_DEPLOYMENT_TARGET = 10.3;
				MTL_ENABLE_DEBUG_INFO = YES;
				ONLY_ACTIVE_ARCH = YES;
				SDKROOT = iphoneos;
				SWIFT_ACTIVE_COMPILATION_CONDITIONS = DEBUG;
				SWIFT_OPTIMIZATION_LEVEL = "-Onone";
			};
			name = Debug;
		};
		F75DFADF1F4C92CE00C54EDF /* Release */ = {
			isa = XCBuildConfiguration;
			buildSettings = {
				ALWAYS_SEARCH_USER_PATHS = NO;
				CLANG_ANALYZER_NONNULL = YES;
				CLANG_ANALYZER_NUMBER_OBJECT_CONVERSION = YES_AGGRESSIVE;
				CLANG_CXX_LANGUAGE_STANDARD = "gnu++0x";
				CLANG_CXX_LIBRARY = "libc++";
				CLANG_ENABLE_MODULES = YES;
				CLANG_ENABLE_OBJC_ARC = YES;
				CLANG_WARN_BOOL_CONVERSION = YES;
				CLANG_WARN_CONSTANT_CONVERSION = YES;
				CLANG_WARN_DIRECT_OBJC_ISA_USAGE = YES_ERROR;
				CLANG_WARN_DOCUMENTATION_COMMENTS = YES;
				CLANG_WARN_EMPTY_BODY = YES;
				CLANG_WARN_ENUM_CONVERSION = YES;
				CLANG_WARN_INFINITE_RECURSION = YES;
				CLANG_WARN_INT_CONVERSION = YES;
				CLANG_WARN_OBJC_ROOT_CLASS = YES_ERROR;
				CLANG_WARN_SUSPICIOUS_MOVE = YES;
				CLANG_WARN_UNREACHABLE_CODE = YES;
				CLANG_WARN__DUPLICATE_METHOD_MATCH = YES;
				"CODE_SIGN_IDENTITY[sdk=iphoneos*]" = "iPhone Developer";
				COPY_PHASE_STRIP = NO;
				DEBUG_INFORMATION_FORMAT = "dwarf-with-dsym";
				ENABLE_NS_ASSERTIONS = NO;
				ENABLE_STRICT_OBJC_MSGSEND = YES;
				GCC_C_LANGUAGE_STANDARD = gnu99;
				GCC_NO_COMMON_BLOCKS = YES;
				GCC_WARN_64_TO_32_BIT_CONVERSION = YES;
				GCC_WARN_ABOUT_RETURN_TYPE = YES_ERROR;
				GCC_WARN_UNDECLARED_SELECTOR = YES;
				GCC_WARN_UNINITIALIZED_AUTOS = YES_AGGRESSIVE;
				GCC_WARN_UNUSED_FUNCTION = YES;
				GCC_WARN_UNUSED_VARIABLE = YES;
				IPHONEOS_DEPLOYMENT_TARGET = 10.3;
				MTL_ENABLE_DEBUG_INFO = NO;
				SDKROOT = iphoneos;
				SWIFT_OPTIMIZATION_LEVEL = "-Owholemodule";
				VALIDATE_PRODUCT = YES;
			};
			name = Release;
		};
		F75DFAE11F4C92CE00C54EDF /* Debug */ = {
			isa = XCBuildConfiguration;
			buildSettings = {
				ASSETCATALOG_COMPILER_APPICON_NAME = AppIcon;
				DEVELOPMENT_TEAM = D9338S444A;
				INFOPLIST_FILE = bullseyes/Info.plist;
				LD_RUNPATH_SEARCH_PATHS = "$(inherited) @executable_path/Frameworks";
				PRODUCT_BUNDLE_IDENTIFIER = ssau.bullseyes;
				PRODUCT_NAME = "$(TARGET_NAME)";
				SWIFT_VERSION = 3.0;
			};
			name = Debug;
		};
		F75DFAE21F4C92CE00C54EDF /* Release */ = {
			isa = XCBuildConfiguration;
			buildSettings = {
				ASSETCATALOG_COMPILER_APPICON_NAME = AppIcon;
				DEVELOPMENT_TEAM = D9338S444A;
				INFOPLIST_FILE = bullseyes/Info.plist;
				LD_RUNPATH_SEARCH_PATHS = "$(inherited) @executable_path/Frameworks";
				PRODUCT_BUNDLE_IDENTIFIER = ssau.bullseyes;
				PRODUCT_NAME = "$(TARGET_NAME)";
				SWIFT_VERSION = 3.0;
			};
			name = Release;
		};
/* End XCBuildConfiguration section */

/* Begin XCConfigurationList section */
		F75DFAC91F4C92CE00C54EDF /* Build configuration list for PBXProject "bullseyes" */ = {
			isa = XCConfigurationList;
			buildConfigurations = (
				F75DFADE1F4C92CE00C54EDF /* Debug */,
				F75DFADF1F4C92CE00C54EDF /* Release */,
			);
			defaultConfigurationIsVisible = 0;
			defaultConfigurationName = Release;
		};
		F75DFAE01F4C92CE00C54EDF /* Build configuration list for PBXNativeTarget "bullseyes" */ = {
			isa = XCConfigurationList;
			buildConfigurations = (
				F75DFAE11F4C92CE00C54EDF /* Debug */,
				F75DFAE21F4C92CE00C54EDF /* Release */,
			);
			defaultConfigurationIsVisible = 0;
		};
/* End XCConfigurationList section */
	};
	rootObject = F75DFAC61F4C92CE00C54EDF /* Project object */;
}
